
Microsoft Visual Studio Solution File, Format Version 12.00
# Visual Studio Version 17
VisualStudioVersion = 17.7.34031.279
MinimumVisualStudioVersion = 10.0.40219.1
Project("{9A19103F-16F7-4668-BE54-9A1E7A4F7556}") = "MyLib", "MyLib\MyLib.csproj", "{62D77356-4B48-45FE-855E-C455F4E1426D}"
EndProject
Project("{9A19103F-16F7-4668-BE54-9A1E7A4F7556}") = "Double_nodes", "2_svyaz\Double_nodes.csproj", "{860FFF21-4CF6-448D-84EB-32215583727F}"
EndProject
Global
	GlobalSection(SolutionConfigurationPlatforms) = preSolution
		Debug|Any CPU = Debug|Any CPU
		Release|Any CPU = Release|Any CPU
	EndGlobalSection
	GlobalSection(ProjectConfigurationPlatforms) = postSolution
		{62D77356-4B48-45FE-855E-C455F4E1426D}.Debug|Any CPU.ActiveCfg = Debug|Any CPU
		{62D77356-4B48-45FE-855E-C455F4E1426D}.Debug|Any CPU.Build.0 = Debug|Any CPU
		{62D77356-4B48-45FE-855E-C455F4E1426D}.Release|Any CPU.ActiveCfg = Release|Any CPU
		{62D77356-4B48-45FE-855E-C455F4E1426D}.Release|Any CPU.Build.0 = Release|Any CPU
		{860FFF21-4CF6-448D-84EB-32215583727F}.Debug|Any CPU.ActiveCfg = Debug|Any CPU
		{860FFF21-4CF6-448D-84EB-32215583727F}.Debug|Any CPU.Build.0 = Debug|Any CPU
		{860FFF21-4CF6-448D-84EB-32215583727F}.Release|Any CPU.ActiveCfg = Release|Any CPU
		{860FFF21-4CF6-448D-84EB-32215583727F}.Release|Any CPU.Build.0 = Release|Any CPU
	EndGlobalSection
	GlobalSection(SolutionProperties) = preSolution
		HideSolutionNode = FALSE
	EndGlobalSection
	GlobalSection(ExtensibilityGlobals) = postSolution
		SolutionGuid = {99EF6D6F-3D08-47E0-8405-2578F240280F}
	EndGlobalSection
EndGlobal
